
Microsoft Visual Studio Solution File, Format Version 12.00
# Visual Studio Version 16
VisualStudioVersion = 16.0.29102.190
MinimumVisualStudioVersion = 10.0.40219.1
Project("{FAE04EC0-301F-11D3-BF4B-00C04F79EFBC}") = "TicTacToe", "TicTacToe\TicTacToe.csproj", "{5C956129-9F2B-47BD-AE41-31733111D8FE}"
EndProject
Global
	GlobalSection(SolutionConfigurationPlatforms) = preSolution
		Debug|Any CPU = Debug|Any CPU
		Release|Any CPU = Release|Any CPU
	EndGlobalSection
	GlobalSection(ProjectConfigurationPlatforms) = postSolution
		{5C956129-9F2B-47BD-AE41-31733111D8FE}.Debug|Any CPU.ActiveCfg = Debug|Any CPU
		{5C956129-9F2B-47BD-AE41-31733111D8FE}.Debug|Any CPU.Build.0 = Debug|Any CPU
		{5C956129-9F2B-47BD-AE41-31733111D8FE}.Release|Any CPU.ActiveCfg = Release|Any CPU
		{5C956129-9F2B-47BD-AE41-31733111D8FE}.Release|Any CPU.Build.0 = Release|Any CPU
	EndGlobalSection
	GlobalSection(SolutionProperties) = preSolution
		HideSolutionNode = FALSE
	EndGlobalSection
	GlobalSection(ExtensibilityGlobals) = postSolution
		SolutionGuid = {C4857438-4FBD-4E77-8DFF-1172F7F22D93}
	EndGlobalSection
EndGlobal
